// !$*UTF8*$!
{
	archiveVersion = 1;
	classes = {
	};
	objectVersion = 50;
	objects = {

/* Begin PBXBuildFile section */
		F1AB053A248E60A500EBD47F /* AppDelegate.swift in Sources */ = {isa = PBXBuildFile; fileRef = F1AB0539248E60A500EBD47F /* AppDelegate.swift */; };
		F1AB053C248E60A500EBD47F /* SceneDelegate.swift in Sources */ = {isa = PBXBuildFile; fileRef = F1AB053B248E60A500EBD47F /* SceneDelegate.swift */; };
		F1AB053E248E60A500EBD47F /* ViewController.swift in Sources */ = {isa = PBXBuildFile; fileRef = F1AB053D248E60A500EBD47F /* ViewController.swift */; };
		F1AB0541248E60A500EBD47F /* Main.storyboard in Resources */ = {isa = PBXBuildFile; fileRef = F1AB053F248E60A500EBD47F /* Main.storyboard */; };
		F1AB0543248E60A600EBD47F /* Assets.xcassets in Resources */ = {isa = PBXBuildFile; fileRef = F1AB0542248E60A600EBD47F /* Assets.xcassets */; };
		F1AB0546248E60A600EBD47F /* LaunchScreen.storyboard in Resources */ = {isa = PBXBuildFile; fileRef = F1AB0544248E60A600EBD47F /* LaunchScreen.storyboard */; };
/* End PBXBuildFile section */

/* Begin PBXFileReference section */
		F1AB0536248E60A500EBD47F /* AutoLayoutPractice.app */ = {isa = PBXFileReference; explicitFileType = wrapper.application; includeInIndex = 0; path = AutoLayoutPractice.app; sourceTree = BUILT_PRODUCTS_DIR; };
		F1AB0539248E60A500EBD47F /* AppDelegate.swift */ = {isa = PBXFileReference; lastKnownFileType = sourcecode.swift; path = AppDelegate.swift; sourceTree = "<group>"; };
		F1AB053B248E60A500EBD47F /* SceneDelegate.swift */ = {isa = PBXFileReference; lastKnownFileType = sourcecode.swift; path = SceneDelegate.swift; sourceTree = "<group>"; };
		F1AB053D248E60A500EBD47F /* ViewController.swift */ = {isa = PBXFileReference; lastKnownFileType = sourcecode.swift; path = ViewController.swift; sourceTree = "<group>"; };
		F1AB0540248E60A500EBD47F /* Base */ = {isa = PBXFileReference; lastKnownFileType = file.storyboard; name = Base; path = Base.lproj/Main.storyboard; sourceTree = "<group>"; };
		F1AB0542248E60A600EBD47F /* Assets.xcassets */ = {isa = PBXFileReference; lastKnownFileType = folder.assetcatalog; path = Assets.xcassets; sourceTree = "<group>"; };
		F1AB0545248E60A600EBD47F /* Base */ = {isa = PBXFileReference; lastKnownFileType = file.storyboard; name = Base; path = Base.lproj/LaunchScreen.storyboard; sourceTree = "<group>"; };
		F1AB0547248E60A600EBD47F /* Info.plist */ = {isa = PBXFileReference; lastKnownFileType = text.plist.xml; path = Info.plist; sourceTree = "<group>"; };
/* End PBXFileReference section */

/* Begin PBXFrameworksBuildPhase section */
		F1AB0533248E60A500EBD47F /* Frameworks */ = {
			isa = PBXFrameworksBuildPhase;
			buildActionMask = 2147483647;
			files = (
			);
			runOnlyForDeploymentPostprocessing = 0;
		};
/* End PBXFrameworksBuildPhase section */

/* Begin PBXGroup section */
		F1AB052D248E60A500EBD47F = {
			isa = PBXGroup;
			children = (
				F1AB0538248E60A500EBD47F /* AutoLayoutPractice */,
				F1AB0537248E60A500EBD47F /* Products */,
			);
			sourceTree = "<group>";
		};
		F1AB0537248E60A500EBD47F /* Products */ = {
			isa = PBXGroup;
			children = (
				F1AB0536248E60A500EBD47F /* AutoLayoutPractice.app */,
			);
			name = Products;
			sourceTree = "<group>";
		};
		F1AB0538248E60A500EBD47F /* AutoLayoutPractice */ = {
			isa = PBXGroup;
			children = (
				F1AB0539248E60A500EBD47F /* AppDelegate.swift */,
				F1AB053B248E60A500EBD47F /* SceneDelegate.swift */,
				F1AB053D248E60A500EBD47F /* ViewController.swift */,
				F1AB053F248E60A500EBD47F /* Main.storyboard */,
				F1AB0542248E60A600EBD47F /* Assets.xcassets */,
				F1AB0544248E60A600EBD47F /* LaunchScreen.storyboard */,
				F1AB0547248E60A600EBD47F /* Info.plist */,
			);
			path = AutoLayoutPractice;
			sourceTree = "<group>";
		};
/* End PBXGroup section */

/* Begin PBXNativeTarget section */
		F1AB0535248E60A500EBD47F /* AutoLayoutPractice */ = {
			isa = PBXNativeTarget;
			buildConfigurationList = F1AB054A248E60A600EBD47F /* Build configuration list for PBXNativeTarget "AutoLayoutPractice" */;
			buildPhases = (
				F1AB0532248E60A500EBD47F /* Sources */,
				F1AB0533248E60A500EBD47F /* Frameworks */,
				F1AB0534248E60A500EBD47F /* Resources */,
			);
			buildRules = (
			);
			dependencies = (
			);
			name = AutoLayoutPractice;
			productName = AutoLayoutPractice;
			productReference = F1AB0536248E60A500EBD47F /* AutoLayoutPractice.app */;
			productType = "com.apple.product-type.application";
		};
/* End PBXNativeTarget section */

/* Begin PBXProject section */
		F1AB052E248E60A500EBD47F /* Project object */ = {
			isa = PBXProject;
			attributes = {
				LastSwiftUpdateCheck = 1150;
				LastUpgradeCheck = 1150;
				ORGANIZATIONNAME = MiinJ;
				TargetAttributes = {
					F1AB0535248E60A500EBD47F = {
						CreatedOnToolsVersion = 11.5;
					};
				};
			};
			buildConfigurationList = F1AB0531248E60A500EBD47F /* Build configuration list for PBXProject "AutoLayoutPractice" */;
			compatibilityVersion = "Xcode 9.3";
			developmentRegion = en;
			hasScannedForEncodings = 0;
			knownRegions = (
				en,
				Base,
			);
			mainGroup = F1AB052D248E60A500EBD47F;
			productRefGroup = F1AB0537248E60A500EBD47F /* Products */;
			projectDirPath = "";
			projectRoot = "";
			targets = (
				F1AB0535248E60A500EBD47F /* AutoLayoutPractice */,
			);
		};
/* End PBXProject section */

/* Begin PBXResourcesBuildPhase section */
		F1AB0534248E60A500EBD47F /* Resources */ = {
			isa = PBXResourcesBuildPhase;
			buildActionMask = 2147483647;
			files = (
				F1AB0546248E60A600EBD47F /* LaunchScreen.storyboard in Resources */,
				F1AB0543248E60A600EBD47F /* Assets.xcassets in Resources */,
				F1AB0541248E60A500EBD47F /* Main.storyboard in Resources */,
			);
			runOnlyForDeploymentPostprocessing = 0;
		};
/* End PBXResourcesBuildPhase section */

/* Begin PBXSourcesBuildPhase section */
		F1AB0532248E60A500EBD47F /* Sources */ = {
			isa = PBXSourcesBuildPhase;
			buildActionMask = 2147483647;
			files = (
				F1AB053E248E60A500EBD47F /* ViewController.swift in Sources */,
				F1AB053A248E60A500EBD47F /* AppDelegate.swift in Sources */,
				F1AB053C248E60A500EBD47F /* SceneDelegate.swift in Sources */,
			);
			runOnlyForDeploymentPostprocessing = 0;
		};
/* End PBXSourcesBuildPhase section */

/* Begin PBXVariantGroup section */
		F1AB053F248E60A500EBD47F /* Main.storyboard */ = {
			isa = PBXVariantGroup;
			children = (
				F1AB0540248E60A500EBD47F /* Base */,
			);
			name = Main.storyboard;
			sourceTree = "<group>";
		};
		F1AB0544248E60A600EBD47F /* LaunchScreen.storyboard */ = {
			isa = PBXVariantGroup;
			children = (
				F1AB0545248E60A600EBD47F /* Base */,
			);
			name = LaunchScreen.storyboard;
			sourceTree = "<group>";
		};
/* End PBXVariantGroup section */

/* Begin XCBuildConfiguration section */
		F1AB0548248E60A600EBD47F /* Debug */ = {
			isa = XCBuildConfiguration;
			buildSettings = {
				ALWAYS_SEARCH_USER_PATHS = NO;
				CLANG_ANALYZER_NONNULL = YES;
				CLANG_ANALYZER_NUMBER_OBJECT_CONVERSION = YES_AGGRESSIVE;
				CLANG_CXX_LANGUAGE_STANDARD = "gnu++14";
				CLANG_CXX_LIBRARY = "libc++";
				CLANG_ENABLE_MODULES = YES;
				CLANG_ENABLE_OBJC_ARC = YES;
				CLANG_ENABLE_OBJC_WEAK = YES;
				CLANG_WARN_BLOCK_CAPTURE_AUTORELEASING = YES;
				CLANG_WARN_BOOL_CONVERSION = YES;
				CLANG_WARN_COMMA = YES;
				CLANG_WARN_CONSTANT_CONVERSION = YES;
				CLANG_WARN_DEPRECATED_OBJC_IMPLEMENTATIONS = YES;
				CLANG_WARN_DIRECT_OBJC_ISA_USAGE = YES_ERROR;
				CLANG_WARN_DOCUMENTATION_COMMENTS = YES;
				CLANG_WARN_EMPTY_BODY = YES;
				CLANG_WARN_ENUM_CONVERSION = YES;
				CLANG_WARN_INFINITE_RECURSION = YES;
				CLANG_WARN_INT_CONVERSION = YES;
				CLANG_WARN_NON_LITERAL_NULL_CONVERSION = YES;
				CLANG_WARN_OBJC_IMPLICIT_RETAIN_SELF = YES;
				CLANG_WARN_OBJC_LITERAL_CONVERSION = YES;
				CLANG_WARN_OBJC_ROOT_CLASS = YES_ERROR;
				CLANG_WARN_RANGE_LOOP_ANALYSIS = YES;
				CLANG_WARN_STRICT_PROTOTYPES = YES;
				CLANG_WARN_SUSPICIOUS_MOVE = YES;
				CLANG_WARN_UNGUARDED_AVAILABILITY = YES_AGGRESSIVE;
				CLANG_WARN_UNREACHABLE_CODE = YES;
				CLANG_WARN__DUPLICATE_METHOD_MATCH = YES;
				COPY_PHASE_STRIP = NO;
				DEBUG_INFORMATION_FORMAT = dwarf;
				ENABLE_STRICT_OBJC_MSGSEND = YES;
				ENABLE_TESTABILITY = YES;
				GCC_C_LANGUAGE_STANDARD = gnu11;
				GCC_DYNAMIC_NO_PIC = NO;
				GCC_NO_COMMON_BLOCKS = YES;
				GCC_OPTIMIZATION_LEVEL = 0;
				GCC_PREPROCESSOR_DEFINITIONS = (
					"DEBUG=1",
					"$(inherited)",
				);
				GCC_WARN_64_TO_32_BIT_CONVERSION = YES;
				GCC_WARN_ABOUT_RETURN_TYPE = YES_ERROR;
				GCC_WARN_UNDECLARED_SELECTOR = YES;
				GCC_WARN_UNINITIALIZED_AUTOS = YES_AGGRESSIVE;
				GCC_WARN_UNUSED_FUNCTION = YES;
				GCC_WARN_UNUSED_VARIABLE = YES;
				IPHONEOS_DEPLOYMENT_TARGET = 13.5;
				MTL_ENABLE_DEBUG_INFO = INCLUDE_SOURCE;
				MTL_FAST_MATH = YES;
				ONLY_ACTIVE_ARCH = YES;
				SDKROOT = iphoneos;
				SWIFT_ACTIVE_COMPILATION_CONDITIONS = DEBUG;
				SWIFT_OPTIMIZATION_LEVEL = "-Onone";
			};
			name = Debug;
		};
		F1AB0549248E60A600EBD47F /* Release */ = {
			isa = XCBuildConfiguration;
			buildSettings = {
				ALWAYS_SEARCH_USER_PATHS = NO;
				CLANG_ANALYZER_NONNULL = YES;
				CLANG_ANALYZER_NUMBER_OBJECT_CONVERSION = YES_AGGRESSIVE;
				CLANG_CXX_LANGUAGE_STANDARD = "gnu++14";
				CLANG_CXX_LIBRARY = "libc++";
				CLANG_ENABLE_MODULES = YES;
				CLANG_ENABLE_OBJC_ARC = YES;
				CLANG_ENABLE_OBJC_WEAK = YES;
				CLANG_WARN_BLOCK_CAPTURE_AUTORELEASING = YES;
				CLANG_WARN_BOOL_CONVERSION = YES;
				CLANG_WARN_COMMA = YES;
				CLANG_WARN_CONSTANT_CONVERSION = YES;
				CLANG_WARN_DEPRECATED_OBJC_IMPLEMENTATIONS = YES;
				CLANG_WARN_DIRECT_OBJC_ISA_USAGE = YES_ERROR;
				CLANG_WARN_DOCUMENTATION_COMMENTS = YES;
				CLANG_WARN_EMPTY_BODY = YES;
				CLANG_WARN_ENUM_CONVERSION = YES;
				CLANG_WARN_INFINITE_RECURSION = YES;
				CLANG_WARN_INT_CONVERSION = YES;
				CLANG_WARN_NON_LITERAL_NULL_CONVERSION = YES;
				CLANG_WARN_OBJC_IMPLICIT_RETAIN_SELF = YES;
				CLANG_WARN_OBJC_LITERAL_CONVERSION = YES;
				CLANG_WARN_OBJC_ROOT_CLASS = YES_ERROR;
				CLANG_WARN_RANGE_LOOP_ANALYSIS = YES;
				CLANG_WARN_STRICT_PROTOTYPES = YES;
				CLANG_WARN_SUSPICIOUS_MOVE = YES;
				CLANG_WARN_UNGUARDED_AVAILABILITY = YES_AGGRESSIVE;
				CLANG_WARN_UNREACHABLE_CODE = YES;
				CLANG_WARN__DUPLICATE_METHOD_MATCH = YES;
				COPY_PHASE_STRIP = NO;
				DEBUG_INFORMATION_FORMAT = "dwarf-with-dsym";
				ENABLE_NS_ASSERTIONS = NO;
				ENABLE_STRICT_OBJC_MSGSEND = YES;
				GCC_C_LANGUAGE_STANDARD = gnu11;
				GCC_NO_COMMON_BLOCKS = YES;
				GCC_WARN_64_TO_32_BIT_CONVERSION = YES;
				GCC_WARN_ABOUT_RETURN_TYPE = YES_ERROR;
				GCC_WARN_UNDECLARED_SELECTOR = YES;
				GCC_WARN_UNINITIALIZED_AUTOS = YES_AGGRESSIVE;
				GCC_WARN_UNUSED_FUNCTION = YES;
				GCC_WARN_UNUSED_VARIABLE = YES;
				IPHONEOS_DEPLOYMENT_TARGET = 13.5;
				MTL_ENABLE_DEBUG_INFO = NO;
				MTL_FAST_MATH = YES;
				SDKROOT = iphoneos;
				SWIFT_COMPILATION_MODE = wholemodule;
				SWIFT_OPTIMIZATION_LEVEL = "-O";
				VALIDATE_PRODUCT = YES;
			};
			name = Release;
		};
		F1AB054B248E60A600EBD47F /* Debug */ = {
			isa = XCBuildConfiguration;
			buildSettings = {
				ASSETCATALOG_COMPILER_APPICON_NAME = AppIcon;
				CODE_SIGN_STYLE = Automatic;
				DEVELOPMENT_TEAM = U2SDGK94J9;
				INFOPLIST_FILE = AutoLayoutPractice/Info.plist;
				LD_RUNPATH_SEARCH_PATHS = (
					"$(inherited)",
					"@executable_path/Frameworks",
				);
				PRODUCT_BUNDLE_IDENTIFIER = kr.co.MiinJ.AutoLayoutPractice;
				PRODUCT_NAME = "$(TARGET_NAME)";
				SWIFT_VERSION = 5.0;
				TARGETED_DEVICE_FAMILY = "1,2";
			};
			name = Debug;
		};
		F1AB054C248E60A600EBD47F /* Release */ = {
			isa = XCBuildConfiguration;
			buildSettings = {
				ASSETCATALOG_COMPILER_APPICON_NAME = AppIcon;
				CODE_SIGN_STYLE = Automatic;
				DEVELOPMENT_TEAM = U2SDGK94J9;
				INFOPLIST_FILE = AutoLayoutPractice/Info.plist;
				LD_RUNPATH_SEARCH_PATHS = (
					"$(inherited)",
					"@executable_path/Frameworks",
				);
				PRODUCT_BUNDLE_IDENTIFIER = kr.co.MiinJ.AutoLayoutPractice;
				PRODUCT_NAME = "$(TARGET_NAME)";
				SWIFT_VERSION = 5.0;
				TARGETED_DEVICE_FAMILY = "1,2";
			};
			name = Release;
		};
/* End XCBuildConfiguration section */

/* Begin XCConfigurationList section */
		F1AB0531248E60A500EBD47F /* Build configuration list for PBXProject "AutoLayoutPractice" */ = {
			isa = XCConfigurationList;
			buildConfigurations = (
				F1AB0548248E60A600EBD47F /* Debug */,
				F1AB0549248E60A600EBD47F /* Release */,
			);
			defaultConfigurationIsVisible = 0;
			defaultConfigurationName = Release;
		};
		F1AB054A248E60A600EBD47F /* Build configuration list for PBXNativeTarget "AutoLayoutPractice" */ = {
			isa = XCConfigurationList;
			buildConfigurations = (
				F1AB054B248E60A600EBD47F /* Debug */,
				F1AB054C248E60A600EBD47F /* Release */,
			);
			defaultConfigurationIsVisible = 0;
			defaultConfigurationName = Release;
		};
/* End XCConfigurationList section */
	};
	rootObject = F1AB052E248E60A500EBD47F /* Project object */;
}
