// !$*UTF8*$!
{
	archiveVersion = 1;
	classes = {
	};
	objectVersion = 50;
	objects = {

/* Begin PBXBuildFile section */
		F1A87B1324A88F1F00DF6B14 /* AppDelegate.swift in Sources */ = {isa = PBXBuildFile; fileRef = F1A87B1224A88F1F00DF6B14 /* AppDelegate.swift */; };
		F1A87B1524A88F1F00DF6B14 /* SceneDelegate.swift in Sources */ = {isa = PBXBuildFile; fileRef = F1A87B1424A88F1F00DF6B14 /* SceneDelegate.swift */; };
		F1A87B1724A88F1F00DF6B14 /* ViewController.swift in Sources */ = {isa = PBXBuildFile; fileRef = F1A87B1624A88F1F00DF6B14 /* ViewController.swift */; };
		F1A87B1A24A88F1F00DF6B14 /* Main.storyboard in Resources */ = {isa = PBXBuildFile; fileRef = F1A87B1824A88F1F00DF6B14 /* Main.storyboard */; };
		F1A87B1C24A88F2000DF6B14 /* Assets.xcassets in Resources */ = {isa = PBXBuildFile; fileRef = F1A87B1B24A88F2000DF6B14 /* Assets.xcassets */; };
		F1A87B1F24A88F2000DF6B14 /* LaunchScreen.storyboard in Resources */ = {isa = PBXBuildFile; fileRef = F1A87B1D24A88F2000DF6B14 /* LaunchScreen.storyboard */; };
		F1A87B2724A8922A00DF6B14 /* DongSupViewController.swift in Sources */ = {isa = PBXBuildFile; fileRef = F1A87B2624A8922A00DF6B14 /* DongSupViewController.swift */; };
/* End PBXBuildFile section */

/* Begin PBXFileReference section */
		F1A87B0F24A88F1F00DF6B14 /* DongSupTableView.app */ = {isa = PBXFileReference; explicitFileType = wrapper.application; includeInIndex = 0; path = DongSupTableView.app; sourceTree = BUILT_PRODUCTS_DIR; };
		F1A87B1224A88F1F00DF6B14 /* AppDelegate.swift */ = {isa = PBXFileReference; lastKnownFileType = sourcecode.swift; path = AppDelegate.swift; sourceTree = "<group>"; };
		F1A87B1424A88F1F00DF6B14 /* SceneDelegate.swift */ = {isa = PBXFileReference; lastKnownFileType = sourcecode.swift; path = SceneDelegate.swift; sourceTree = "<group>"; };
		F1A87B1624A88F1F00DF6B14 /* ViewController.swift */ = {isa = PBXFileReference; lastKnownFileType = sourcecode.swift; path = ViewController.swift; sourceTree = "<group>"; };
		F1A87B1924A88F1F00DF6B14 /* Base */ = {isa = PBXFileReference; lastKnownFileType = file.storyboard; name = Base; path = Base.lproj/Main.storyboard; sourceTree = "<group>"; };
		F1A87B1B24A88F2000DF6B14 /* Assets.xcassets */ = {isa = PBXFileReference; lastKnownFileType = folder.assetcatalog; path = Assets.xcassets; sourceTree = "<group>"; };
		F1A87B1E24A88F2000DF6B14 /* Base */ = {isa = PBXFileReference; lastKnownFileType = file.storyboard; name = Base; path = Base.lproj/LaunchScreen.storyboard; sourceTree = "<group>"; };
		F1A87B2024A88F2000DF6B14 /* Info.plist */ = {isa = PBXFileReference; lastKnownFileType = text.plist.xml; path = Info.plist; sourceTree = "<group>"; };
		F1A87B2624A8922A00DF6B14 /* DongSupViewController.swift */ = {isa = PBXFileReference; lastKnownFileType = sourcecode.swift; path = DongSupViewController.swift; sourceTree = "<group>"; };
/* End PBXFileReference section */

/* Begin PBXFrameworksBuildPhase section */
		F1A87B0C24A88F1F00DF6B14 /* Frameworks */ = {
			isa = PBXFrameworksBuildPhase;
			buildActionMask = 2147483647;
			files = (
			);
			runOnlyForDeploymentPostprocessing = 0;
		};
/* End PBXFrameworksBuildPhase section */

/* Begin PBXGroup section */
		F1A87B0624A88F1F00DF6B14 = {
			isa = PBXGroup;
			children = (
				F1A87B1124A88F1F00DF6B14 /* DongSupTableView */,
				F1A87B1024A88F1F00DF6B14 /* Products */,
			);
			sourceTree = "<group>";
		};
		F1A87B1024A88F1F00DF6B14 /* Products */ = {
			isa = PBXGroup;
			children = (
				F1A87B0F24A88F1F00DF6B14 /* DongSupTableView.app */,
			);
			name = Products;
			sourceTree = "<group>";
		};
		F1A87B1124A88F1F00DF6B14 /* DongSupTableView */ = {
			isa = PBXGroup;
			children = (
				F1A87B1224A88F1F00DF6B14 /* AppDelegate.swift */,
				F1A87B1424A88F1F00DF6B14 /* SceneDelegate.swift */,
				F1A87B1624A88F1F00DF6B14 /* ViewController.swift */,
				F1A87B1824A88F1F00DF6B14 /* Main.storyboard */,
				F1A87B1B24A88F2000DF6B14 /* Assets.xcassets */,
				F1A87B1D24A88F2000DF6B14 /* LaunchScreen.storyboard */,
				F1A87B2024A88F2000DF6B14 /* Info.plist */,
				F1A87B2624A8922A00DF6B14 /* DongSupViewController.swift */,
			);
			path = DongSupTableView;
			sourceTree = "<group>";
		};
/* End PBXGroup section */

/* Begin PBXNativeTarget section */
		F1A87B0E24A88F1F00DF6B14 /* DongSupTableView */ = {
			isa = PBXNativeTarget;
			buildConfigurationList = F1A87B2324A88F2000DF6B14 /* Build configuration list for PBXNativeTarget "DongSupTableView" */;
			buildPhases = (
				F1A87B0B24A88F1F00DF6B14 /* Sources */,
				F1A87B0C24A88F1F00DF6B14 /* Frameworks */,
				F1A87B0D24A88F1F00DF6B14 /* Resources */,
			);
			buildRules = (
			);
			dependencies = (
			);
			name = DongSupTableView;
			productName = DongSupTableView;
			productReference = F1A87B0F24A88F1F00DF6B14 /* DongSupTableView.app */;
			productType = "com.apple.product-type.application";
		};
/* End PBXNativeTarget section */

/* Begin PBXProject section */
		F1A87B0724A88F1F00DF6B14 /* Project object */ = {
			isa = PBXProject;
			attributes = {
				LastSwiftUpdateCheck = 1150;
				LastUpgradeCheck = 1150;
				ORGANIZATIONNAME = MiinJ;
				TargetAttributes = {
					F1A87B0E24A88F1F00DF6B14 = {
						CreatedOnToolsVersion = 11.5;
					};
				};
			};
			buildConfigurationList = F1A87B0A24A88F1F00DF6B14 /* Build configuration list for PBXProject "DongSupTableView" */;
			compatibilityVersion = "Xcode 9.3";
			developmentRegion = en;
			hasScannedForEncodings = 0;
			knownRegions = (
				en,
				Base,
			);
			mainGroup = F1A87B0624A88F1F00DF6B14;
			productRefGroup = F1A87B1024A88F1F00DF6B14 /* Products */;
			projectDirPath = "";
			projectRoot = "";
			targets = (
				F1A87B0E24A88F1F00DF6B14 /* DongSupTableView */,
			);
		};
/* End PBXProject section */

/* Begin PBXResourcesBuildPhase section */
		F1A87B0D24A88F1F00DF6B14 /* Resources */ = {
			isa = PBXResourcesBuildPhase;
			buildActionMask = 2147483647;
			files = (
				F1A87B1F24A88F2000DF6B14 /* LaunchScreen.storyboard in Resources */,
				F1A87B1C24A88F2000DF6B14 /* Assets.xcassets in Resources */,
				F1A87B1A24A88F1F00DF6B14 /* Main.storyboard in Resources */,
			);
			runOnlyForDeploymentPostprocessing = 0;
		};
/* End PBXResourcesBuildPhase section */

/* Begin PBXSourcesBuildPhase section */
		F1A87B0B24A88F1F00DF6B14 /* Sources */ = {
			isa = PBXSourcesBuildPhase;
			buildActionMask = 2147483647;
			files = (
				F1A87B1724A88F1F00DF6B14 /* ViewController.swift in Sources */,
				F1A87B2724A8922A00DF6B14 /* DongSupViewController.swift in Sources */,
				F1A87B1324A88F1F00DF6B14 /* AppDelegate.swift in Sources */,
				F1A87B1524A88F1F00DF6B14 /* SceneDelegate.swift in Sources */,
			);
			runOnlyForDeploymentPostprocessing = 0;
		};
/* End PBXSourcesBuildPhase section */

/* Begin PBXVariantGroup section */
		F1A87B1824A88F1F00DF6B14 /* Main.storyboard */ = {
			isa = PBXVariantGroup;
			children = (
				F1A87B1924A88F1F00DF6B14 /* Base */,
			);
			name = Main.storyboard;
			sourceTree = "<group>";
		};
		F1A87B1D24A88F2000DF6B14 /* LaunchScreen.storyboard */ = {
			isa = PBXVariantGroup;
			children = (
				F1A87B1E24A88F2000DF6B14 /* Base */,
			);
			name = LaunchScreen.storyboard;
			sourceTree = "<group>";
		};
/* End PBXVariantGroup section */

/* Begin XCBuildConfiguration section */
		F1A87B2124A88F2000DF6B14 /* Debug */ = {
			isa = XCBuildConfiguration;
			buildSettings = {
				ALWAYS_SEARCH_USER_PATHS = NO;
				CLANG_ANALYZER_NONNULL = YES;
				CLANG_ANALYZER_NUMBER_OBJECT_CONVERSION = YES_AGGRESSIVE;
				CLANG_CXX_LANGUAGE_STANDARD = "gnu++14";
				CLANG_CXX_LIBRARY = "libc++";
				CLANG_ENABLE_MODULES = YES;
				CLANG_ENABLE_OBJC_ARC = YES;
				CLANG_ENABLE_OBJC_WEAK = YES;
				CLANG_WARN_BLOCK_CAPTURE_AUTORELEASING = YES;
				CLANG_WARN_BOOL_CONVERSION = YES;
				CLANG_WARN_COMMA = YES;
				CLANG_WARN_CONSTANT_CONVERSION = YES;
				CLANG_WARN_DEPRECATED_OBJC_IMPLEMENTATIONS = YES;
				CLANG_WARN_DIRECT_OBJC_ISA_USAGE = YES_ERROR;
				CLANG_WARN_DOCUMENTATION_COMMENTS = YES;
				CLANG_WARN_EMPTY_BODY = YES;
				CLANG_WARN_ENUM_CONVERSION = YES;
				CLANG_WARN_INFINITE_RECURSION = YES;
				CLANG_WARN_INT_CONVERSION = YES;
				CLANG_WARN_NON_LITERAL_NULL_CONVERSION = YES;
				CLANG_WARN_OBJC_IMPLICIT_RETAIN_SELF = YES;
				CLANG_WARN_OBJC_LITERAL_CONVERSION = YES;
				CLANG_WARN_OBJC_ROOT_CLASS = YES_ERROR;
				CLANG_WARN_RANGE_LOOP_ANALYSIS = YES;
				CLANG_WARN_STRICT_PROTOTYPES = YES;
				CLANG_WARN_SUSPICIOUS_MOVE = YES;
				CLANG_WARN_UNGUARDED_AVAILABILITY = YES_AGGRESSIVE;
				CLANG_WARN_UNREACHABLE_CODE = YES;
				CLANG_WARN__DUPLICATE_METHOD_MATCH = YES;
				COPY_PHASE_STRIP = NO;
				DEBUG_INFORMATION_FORMAT = dwarf;
				ENABLE_STRICT_OBJC_MSGSEND = YES;
				ENABLE_TESTABILITY = YES;
				GCC_C_LANGUAGE_STANDARD = gnu11;
				GCC_DYNAMIC_NO_PIC = NO;
				GCC_NO_COMMON_BLOCKS = YES;
				GCC_OPTIMIZATION_LEVEL = 0;
				GCC_PREPROCESSOR_DEFINITIONS = (
					"DEBUG=1",
					"$(inherited)",
				);
				GCC_WARN_64_TO_32_BIT_CONVERSION = YES;
				GCC_WARN_ABOUT_RETURN_TYPE = YES_ERROR;
				GCC_WARN_UNDECLARED_SELECTOR = YES;
				GCC_WARN_UNINITIALIZED_AUTOS = YES_AGGRESSIVE;
				GCC_WARN_UNUSED_FUNCTION = YES;
				GCC_WARN_UNUSED_VARIABLE = YES;
				IPHONEOS_DEPLOYMENT_TARGET = 13.5;
				MTL_ENABLE_DEBUG_INFO = INCLUDE_SOURCE;
				MTL_FAST_MATH = YES;
				ONLY_ACTIVE_ARCH = YES;
				SDKROOT = iphoneos;
				SWIFT_ACTIVE_COMPILATION_CONDITIONS = DEBUG;
				SWIFT_OPTIMIZATION_LEVEL = "-Onone";
			};
			name = Debug;
		};
		F1A87B2224A88F2000DF6B14 /* Release */ = {
			isa = XCBuildConfiguration;
			buildSettings = {
				ALWAYS_SEARCH_USER_PATHS = NO;
				CLANG_ANALYZER_NONNULL = YES;
				CLANG_ANALYZER_NUMBER_OBJECT_CONVERSION = YES_AGGRESSIVE;
				CLANG_CXX_LANGUAGE_STANDARD = "gnu++14";
				CLANG_CXX_LIBRARY = "libc++";
				CLANG_ENABLE_MODULES = YES;
				CLANG_ENABLE_OBJC_ARC = YES;
				CLANG_ENABLE_OBJC_WEAK = YES;
				CLANG_WARN_BLOCK_CAPTURE_AUTORELEASING = YES;
				CLANG_WARN_BOOL_CONVERSION = YES;
				CLANG_WARN_COMMA = YES;
				CLANG_WARN_CONSTANT_CONVERSION = YES;
				CLANG_WARN_DEPRECATED_OBJC_IMPLEMENTATIONS = YES;
				CLANG_WARN_DIRECT_OBJC_ISA_USAGE = YES_ERROR;
				CLANG_WARN_DOCUMENTATION_COMMENTS = YES;
				CLANG_WARN_EMPTY_BODY = YES;
				CLANG_WARN_ENUM_CONVERSION = YES;
				CLANG_WARN_INFINITE_RECURSION = YES;
				CLANG_WARN_INT_CONVERSION = YES;
				CLANG_WARN_NON_LITERAL_NULL_CONVERSION = YES;
				CLANG_WARN_OBJC_IMPLICIT_RETAIN_SELF = YES;
				CLANG_WARN_OBJC_LITERAL_CONVERSION = YES;
				CLANG_WARN_OBJC_ROOT_CLASS = YES_ERROR;
				CLANG_WARN_RANGE_LOOP_ANALYSIS = YES;
				CLANG_WARN_STRICT_PROTOTYPES = YES;
				CLANG_WARN_SUSPICIOUS_MOVE = YES;
				CLANG_WARN_UNGUARDED_AVAILABILITY = YES_AGGRESSIVE;
				CLANG_WARN_UNREACHABLE_CODE = YES;
				CLANG_WARN__DUPLICATE_METHOD_MATCH = YES;
				COPY_PHASE_STRIP = NO;
				DEBUG_INFORMATION_FORMAT = "dwarf-with-dsym";
				ENABLE_NS_ASSERTIONS = NO;
				ENABLE_STRICT_OBJC_MSGSEND = YES;
				GCC_C_LANGUAGE_STANDARD = gnu11;
				GCC_NO_COMMON_BLOCKS = YES;
				GCC_WARN_64_TO_32_BIT_CONVERSION = YES;
				GCC_WARN_ABOUT_RETURN_TYPE = YES_ERROR;
				GCC_WARN_UNDECLARED_SELECTOR = YES;
				GCC_WARN_UNINITIALIZED_AUTOS = YES_AGGRESSIVE;
				GCC_WARN_UNUSED_FUNCTION = YES;
				GCC_WARN_UNUSED_VARIABLE = YES;
				IPHONEOS_DEPLOYMENT_TARGET = 13.5;
				MTL_ENABLE_DEBUG_INFO = NO;
				MTL_FAST_MATH = YES;
				SDKROOT = iphoneos;
				SWIFT_COMPILATION_MODE = wholemodule;
				SWIFT_OPTIMIZATION_LEVEL = "-O";
				VALIDATE_PRODUCT = YES;
			};
			name = Release;
		};
		F1A87B2424A88F2000DF6B14 /* Debug */ = {
			isa = XCBuildConfiguration;
			buildSettings = {
				ASSETCATALOG_COMPILER_APPICON_NAME = AppIcon;
				CODE_SIGN_STYLE = Automatic;
				DEVELOPMENT_TEAM = U2SDGK94J9;
				INFOPLIST_FILE = DongSupTableView/Info.plist;
				LD_RUNPATH_SEARCH_PATHS = (
					"$(inherited)",
					"@executable_path/Frameworks",
				);
				PRODUCT_BUNDLE_IDENTIFIER = kr.co.MiinJ.DongSupTableView;
				PRODUCT_NAME = "$(TARGET_NAME)";
				SWIFT_VERSION = 5.0;
				TARGETED_DEVICE_FAMILY = "1,2";
			};
			name = Debug;
		};
		F1A87B2524A88F2000DF6B14 /* Release */ = {
			isa = XCBuildConfiguration;
			buildSettings = {
				ASSETCATALOG_COMPILER_APPICON_NAME = AppIcon;
				CODE_SIGN_STYLE = Automatic;
				DEVELOPMENT_TEAM = U2SDGK94J9;
				INFOPLIST_FILE = DongSupTableView/Info.plist;
				LD_RUNPATH_SEARCH_PATHS = (
					"$(inherited)",
					"@executable_path/Frameworks",
				);
				PRODUCT_BUNDLE_IDENTIFIER = kr.co.MiinJ.DongSupTableView;
				PRODUCT_NAME = "$(TARGET_NAME)";
				SWIFT_VERSION = 5.0;
				TARGETED_DEVICE_FAMILY = "1,2";
			};
			name = Release;
		};
/* End XCBuildConfiguration section */

/* Begin XCConfigurationList section */
		F1A87B0A24A88F1F00DF6B14 /* Build configuration list for PBXProject "DongSupTableView" */ = {
			isa = XCConfigurationList;
			buildConfigurations = (
				F1A87B2124A88F2000DF6B14 /* Debug */,
				F1A87B2224A88F2000DF6B14 /* Release */,
			);
			defaultConfigurationIsVisible = 0;
			defaultConfigurationName = Release;
		};
		F1A87B2324A88F2000DF6B14 /* Build configuration list for PBXNativeTarget "DongSupTableView" */ = {
			isa = XCConfigurationList;
			buildConfigurations = (
				F1A87B2424A88F2000DF6B14 /* Debug */,
				F1A87B2524A88F2000DF6B14 /* Release */,
			);
			defaultConfigurationIsVisible = 0;
			defaultConfigurationName = Release;
		};
/* End XCConfigurationList section */
	};
	rootObject = F1A87B0724A88F1F00DF6B14 /* Project object */;
}
